
Microsoft Visual Studio Solution File, Format Version 12.00
# Visual Studio Version 17
VisualStudioVersion = 17.4.33213.308
MinimumVisualStudioVersion = 10.0.40219.1
Project("{FAE04EC0-301F-11D3-BF4B-00C04F79EFBC}") = "PrivateMultipleObjects", "PrivateMultipleObjects\PrivateMultipleObjects.csproj", "{CE9773CA-ECA9-4604-8C5A-F42093090BAE}"
EndProject
Global
	GlobalSection(SolutionConfigurationPlatforms) = preSolution
		Debug|Any CPU = Debug|Any CPU
		Release|Any CPU = Release|Any CPU
	EndGlobalSection
	GlobalSection(ProjectConfigurationPlatforms) = postSolution
		{CE9773CA-ECA9-4604-8C5A-F42093090BAE}.Debug|Any CPU.ActiveCfg = Debug|Any CPU
		{CE9773CA-ECA9-4604-8C5A-F42093090BAE}.Debug|Any CPU.Build.0 = Debug|Any CPU
		{CE9773CA-ECA9-4604-8C5A-F42093090BAE}.Release|Any CPU.ActiveCfg = Release|Any CPU
		{CE9773CA-ECA9-4604-8C5A-F42093090BAE}.Release|Any CPU.Build.0 = Release|Any CPU
	EndGlobalSection
	GlobalSection(SolutionProperties) = preSolution
		HideSolutionNode = FALSE
	EndGlobalSection
	GlobalSection(ExtensibilityGlobals) = postSolution
		SolutionGuid = {0EA8715E-78E9-4B60-9BD5-3D092C776019}
	EndGlobalSection
EndGlobal
